// !$*UTF8*$!
{
	archiveVersion = 1;
	classes = {
	};
	objectVersion = 50;
	objects = {

/* Begin PBXBuildFile section */
		1FF3343C24638B91001A13CC /* AppDelegate.swift in Sources */ = {isa = PBXBuildFile; fileRef = 1FF3343B24638B91001A13CC /* AppDelegate.swift */; };
		1FF3343E24638B91001A13CC /* SceneDelegate.swift in Sources */ = {isa = PBXBuildFile; fileRef = 1FF3343D24638B91001A13CC /* SceneDelegate.swift */; };
		1FF3344024638B91001A13CC /* ViewController.swift in Sources */ = {isa = PBXBuildFile; fileRef = 1FF3343F24638B91001A13CC /* ViewController.swift */; };
		1FF3344324638B91001A13CC /* Main.storyboard in Resources */ = {isa = PBXBuildFile; fileRef = 1FF3344124638B91001A13CC /* Main.storyboard */; };
		1FF3344524638B92001A13CC /* Assets.xcassets in Resources */ = {isa = PBXBuildFile; fileRef = 1FF3344424638B92001A13CC /* Assets.xcassets */; };
		1FF3344824638B92001A13CC /* LaunchScreen.storyboard in Resources */ = {isa = PBXBuildFile; fileRef = 1FF3344624638B92001A13CC /* LaunchScreen.storyboard */; };
		1FF3345324638B92001A13CC /* trymeTests.swift in Sources */ = {isa = PBXBuildFile; fileRef = 1FF3345224638B92001A13CC /* trymeTests.swift */; };
		1FF3345E24638B92001A13CC /* trymeUITests.swift in Sources */ = {isa = PBXBuildFile; fileRef = 1FF3345D24638B92001A13CC /* trymeUITests.swift */; };
		E36E57CD394C93F3F56A5245 /* Pods_tryme.framework in Frameworks */ = {isa = PBXBuildFile; fileRef = C2E7856DF13404172DD7360D /* Pods_tryme.framework */; };
/* End PBXBuildFile section */

/* Begin PBXContainerItemProxy section */
		1FF3344F24638B92001A13CC /* PBXContainerItemProxy */ = {
			isa = PBXContainerItemProxy;
			containerPortal = 1FF3343024638B91001A13CC /* Project object */;
			proxyType = 1;
			remoteGlobalIDString = 1FF3343724638B91001A13CC;
			remoteInfo = tryme;
		};
		1FF3345A24638B92001A13CC /* PBXContainerItemProxy */ = {
			isa = PBXContainerItemProxy;
			containerPortal = 1FF3343024638B91001A13CC /* Project object */;
			proxyType = 1;
			remoteGlobalIDString = 1FF3343724638B91001A13CC;
			remoteInfo = tryme;
		};
/* End PBXContainerItemProxy section */

/* Begin PBXFileReference section */
		008D35752DDC064EE93B48A6 /* Pods-tryme.release.xcconfig */ = {isa = PBXFileReference; includeInIndex = 1; lastKnownFileType = text.xcconfig; name = "Pods-tryme.release.xcconfig"; path = "Target Support Files/Pods-tryme/Pods-tryme.release.xcconfig"; sourceTree = "<group>"; };
		1FF3343824638B91001A13CC /* tryme.app */ = {isa = PBXFileReference; explicitFileType = wrapper.application; includeInIndex = 0; path = tryme.app; sourceTree = BUILT_PRODUCTS_DIR; };
		1FF3343B24638B91001A13CC /* AppDelegate.swift */ = {isa = PBXFileReference; lastKnownFileType = sourcecode.swift; path = AppDelegate.swift; sourceTree = "<group>"; };
		1FF3343D24638B91001A13CC /* SceneDelegate.swift */ = {isa = PBXFileReference; lastKnownFileType = sourcecode.swift; path = SceneDelegate.swift; sourceTree = "<group>"; };
		1FF3343F24638B91001A13CC /* ViewController.swift */ = {isa = PBXFileReference; lastKnownFileType = sourcecode.swift; path = ViewController.swift; sourceTree = "<group>"; };
		1FF3344224638B91001A13CC /* Base */ = {isa = PBXFileReference; lastKnownFileType = file.storyboard; name = Base; path = Base.lproj/Main.storyboard; sourceTree = "<group>"; };
		1FF3344424638B92001A13CC /* Assets.xcassets */ = {isa = PBXFileReference; lastKnownFileType = folder.assetcatalog; path = Assets.xcassets; sourceTree = "<group>"; };
		1FF3344724638B92001A13CC /* Base */ = {isa = PBXFileReference; lastKnownFileType = file.storyboard; name = Base; path = Base.lproj/LaunchScreen.storyboard; sourceTree = "<group>"; };
		1FF3344924638B92001A13CC /* Info.plist */ = {isa = PBXFileReference; lastKnownFileType = text.plist.xml; path = Info.plist; sourceTree = "<group>"; };
		1FF3344E24638B92001A13CC /* trymeTests.xctest */ = {isa = PBXFileReference; explicitFileType = wrapper.cfbundle; includeInIndex = 0; path = trymeTests.xctest; sourceTree = BUILT_PRODUCTS_DIR; };
		1FF3345224638B92001A13CC /* trymeTests.swift */ = {isa = PBXFileReference; lastKnownFileType = sourcecode.swift; path = trymeTests.swift; sourceTree = "<group>"; };
		1FF3345424638B92001A13CC /* Info.plist */ = {isa = PBXFileReference; lastKnownFileType = text.plist.xml; path = Info.plist; sourceTree = "<group>"; };
		1FF3345924638B92001A13CC /* trymeUITests.xctest */ = {isa = PBXFileReference; explicitFileType = wrapper.cfbundle; includeInIndex = 0; path = trymeUITests.xctest; sourceTree = BUILT_PRODUCTS_DIR; };
		1FF3345D24638B92001A13CC /* trymeUITests.swift */ = {isa = PBXFileReference; lastKnownFileType = sourcecode.swift; path = trymeUITests.swift; sourceTree = "<group>"; };
		1FF3345F24638B92001A13CC /* Info.plist */ = {isa = PBXFileReference; lastKnownFileType = text.plist.xml; path = Info.plist; sourceTree = "<group>"; };
		420B5292FB3F5F5C0D5DD895 /* Pods-tryme.debug.xcconfig */ = {isa = PBXFileReference; includeInIndex = 1; lastKnownFileType = text.xcconfig; name = "Pods-tryme.debug.xcconfig"; path = "Target Support Files/Pods-tryme/Pods-tryme.debug.xcconfig"; sourceTree = "<group>"; };
		C2E7856DF13404172DD7360D /* Pods_tryme.framework */ = {isa = PBXFileReference; explicitFileType = wrapper.framework; includeInIndex = 0; path = Pods_tryme.framework; sourceTree = BUILT_PRODUCTS_DIR; };
/* End PBXFileReference section */

/* Begin PBXFrameworksBuildPhase section */
		1FF3343524638B91001A13CC /* Frameworks */ = {
			isa = PBXFrameworksBuildPhase;
			buildActionMask = 2147483647;
			files = (
				E36E57CD394C93F3F56A5245 /* Pods_tryme.framework in Frameworks */,
			);
			runOnlyForDeploymentPostprocessing = 0;
		};
		1FF3344B24638B92001A13CC /* Frameworks */ = {
			isa = PBXFrameworksBuildPhase;
			buildActionMask = 2147483647;
			files = (
			);
			runOnlyForDeploymentPostprocessing = 0;
		};
		1FF3345624638B92001A13CC /* Frameworks */ = {
			isa = PBXFrameworksBuildPhase;
			buildActionMask = 2147483647;
			files = (
			);
			runOnlyForDeploymentPostprocessing = 0;
		};
/* End PBXFrameworksBuildPhase section */

/* Begin PBXGroup section */
		1EA8C9B765DA77C60D8CC0FA /* Pods */ = {
			isa = PBXGroup;
			children = (
				420B5292FB3F5F5C0D5DD895 /* Pods-tryme.debug.xcconfig */,
				008D35752DDC064EE93B48A6 /* Pods-tryme.release.xcconfig */,
			);
			name = Pods;
			path = Pods;
			sourceTree = "<group>";
		};
		1FF3342F24638B91001A13CC = {
			isa = PBXGroup;
			children = (
				1FF3343A24638B91001A13CC /* tryme */,
				1FF3345124638B92001A13CC /* trymeTests */,
				1FF3345C24638B92001A13CC /* trymeUITests */,
				1FF3343924638B91001A13CC /* Products */,
				1EA8C9B765DA77C60D8CC0FA /* Pods */,
				35D18321B2BB385874345764 /* Frameworks */,
			);
			sourceTree = "<group>";
		};
		1FF3343924638B91001A13CC /* Products */ = {
			isa = PBXGroup;
			children = (
				1FF3343824638B91001A13CC /* tryme.app */,
				1FF3344E24638B92001A13CC /* trymeTests.xctest */,
				1FF3345924638B92001A13CC /* trymeUITests.xctest */,
			);
			name = Products;
			sourceTree = "<group>";
		};
		1FF3343A24638B91001A13CC /* tryme */ = {
			isa = PBXGroup;
			children = (
				1FF3343B24638B91001A13CC /* AppDelegate.swift */,
				1FF3343D24638B91001A13CC /* SceneDelegate.swift */,
				1FF3343F24638B91001A13CC /* ViewController.swift */,
				1FF3344124638B91001A13CC /* Main.storyboard */,
				1FF3344424638B92001A13CC /* Assets.xcassets */,
				1FF3344624638B92001A13CC /* LaunchScreen.storyboard */,
				1FF3344924638B92001A13CC /* Info.plist */,
			);
			path = tryme;
			sourceTree = "<group>";
		};
		1FF3345124638B92001A13CC /* trymeTests */ = {
			isa = PBXGroup;
			children = (
				1FF3345224638B92001A13CC /* trymeTests.swift */,
				1FF3345424638B92001A13CC /* Info.plist */,
			);
			path = trymeTests;
			sourceTree = "<group>";
		};
		1FF3345C24638B92001A13CC /* trymeUITests */ = {
			isa = PBXGroup;
			children = (
				1FF3345D24638B92001A13CC /* trymeUITests.swift */,
				1FF3345F24638B92001A13CC /* Info.plist */,
			);
			path = trymeUITests;
			sourceTree = "<group>";
		};
		35D18321B2BB385874345764 /* Frameworks */ = {
			isa = PBXGroup;
			children = (
				C2E7856DF13404172DD7360D /* Pods_tryme.framework */,
			);
			name = Frameworks;
			sourceTree = "<group>";
		};
/* End PBXGroup section */

/* Begin PBXNativeTarget section */
		1FF3343724638B91001A13CC /* tryme */ = {
			isa = PBXNativeTarget;
			buildConfigurationList = 1FF3346224638B92001A13CC /* Build configuration list for PBXNativeTarget "tryme" */;
			buildPhases = (
				F06DFEFE2402ED70DFA78504 /* [CP] Check Pods Manifest.lock */,
				1FF3343424638B91001A13CC /* Sources */,
				1FF3343524638B91001A13CC /* Frameworks */,
				1FF3343624638B91001A13CC /* Resources */,
				D7F25296AB32090C5DE98F6E /* [CP] Embed Pods Frameworks */,
			);
			buildRules = (
			);
			dependencies = (
			);
			name = tryme;
			productName = tryme;
			productReference = 1FF3343824638B91001A13CC /* tryme.app */;
			productType = "com.apple.product-type.application";
		};
		1FF3344D24638B92001A13CC /* trymeTests */ = {
			isa = PBXNativeTarget;
			buildConfigurationList = 1FF3346524638B92001A13CC /* Build configuration list for PBXNativeTarget "trymeTests" */;
			buildPhases = (
				1FF3344A24638B92001A13CC /* Sources */,
				1FF3344B24638B92001A13CC /* Frameworks */,
				1FF3344C24638B92001A13CC /* Resources */,
			);
			buildRules = (
			);
			dependencies = (
				1FF3345024638B92001A13CC /* PBXTargetDependency */,
			);
			name = trymeTests;
			productName = trymeTests;
			productReference = 1FF3344E24638B92001A13CC /* trymeTests.xctest */;
			productType = "com.apple.product-type.bundle.unit-test";
		};
		1FF3345824638B92001A13CC /* trymeUITests */ = {
			isa = PBXNativeTarget;
			buildConfigurationList = 1FF3346824638B92001A13CC /* Build configuration list for PBXNativeTarget "trymeUITests" */;
			buildPhases = (
				1FF3345524638B92001A13CC /* Sources */,
				1FF3345624638B92001A13CC /* Frameworks */,
				1FF3345724638B92001A13CC /* Resources */,
			);
			buildRules = (
			);
			dependencies = (
				1FF3345B24638B92001A13CC /* PBXTargetDependency */,
			);
			name = trymeUITests;
			productName = trymeUITests;
			productReference = 1FF3345924638B92001A13CC /* trymeUITests.xctest */;
			productType = "com.apple.product-type.bundle.ui-testing";
		};
/* End PBXNativeTarget section */

/* Begin PBXProject section */
		1FF3343024638B91001A13CC /* Project object */ = {
			isa = PBXProject;
			attributes = {
				LastSwiftUpdateCheck = 1130;
				LastUpgradeCheck = 1130;
				ORGANIZATIONNAME = "Jaideep Shah";
				TargetAttributes = {
					1FF3343724638B91001A13CC = {
						CreatedOnToolsVersion = 11.3.1;
					};
					1FF3344D24638B92001A13CC = {
						CreatedOnToolsVersion = 11.3.1;
						TestTargetID = 1FF3343724638B91001A13CC;
					};
					1FF3345824638B92001A13CC = {
						CreatedOnToolsVersion = 11.3.1;
						TestTargetID = 1FF3343724638B91001A13CC;
					};
				};
			};
			buildConfigurationList = 1FF3343324638B91001A13CC /* Build configuration list for PBXProject "tryme" */;
			compatibilityVersion = "Xcode 9.3";
			developmentRegion = en;
			hasScannedForEncodings = 0;
			knownRegions = (
				en,
				Base,
			);
			mainGroup = 1FF3342F24638B91001A13CC;
			productRefGroup = 1FF3343924638B91001A13CC /* Products */;
			projectDirPath = "";
			projectRoot = "";
			targets = (
				1FF3343724638B91001A13CC /* tryme */,
				1FF3344D24638B92001A13CC /* trymeTests */,
				1FF3345824638B92001A13CC /* trymeUITests */,
			);
		};
/* End PBXProject section */

/* Begin PBXResourcesBuildPhase section */
		1FF3343624638B91001A13CC /* Resources */ = {
			isa = PBXResourcesBuildPhase;
			buildActionMask = 2147483647;
			files = (
				1FF3344824638B92001A13CC /* LaunchScreen.storyboard in Resources */,
				1FF3344524638B92001A13CC /* Assets.xcassets in Resources */,
				1FF3344324638B91001A13CC /* Main.storyboard in Resources */,
			);
			runOnlyForDeploymentPostprocessing = 0;
		};
		1FF3344C24638B92001A13CC /* Resources */ = {
			isa = PBXResourcesBuildPhase;
			buildActionMask = 2147483647;
			files = (
			);
			runOnlyForDeploymentPostprocessing = 0;
		};
		1FF3345724638B92001A13CC /* Resources */ = {
			isa = PBXResourcesBuildPhase;
			buildActionMask = 2147483647;
			files = (
			);
			runOnlyForDeploymentPostprocessing = 0;
		};
/* End PBXResourcesBuildPhase section */

/* Begin PBXShellScriptBuildPhase section */
		D7F25296AB32090C5DE98F6E /* [CP] Embed Pods Frameworks */ = {
			isa = PBXShellScriptBuildPhase;
			buildActionMask = 2147483647;
			files = (
			);
			inputFileListPaths = (
				"${PODS_ROOT}/Target Support Files/Pods-tryme/Pods-tryme-frameworks-${CONFIGURATION}-input-files.xcfilelist",
			);
			name = "[CP] Embed Pods Frameworks";
			outputFileListPaths = (
				"${PODS_ROOT}/Target Support Files/Pods-tryme/Pods-tryme-frameworks-${CONFIGURATION}-output-files.xcfilelist",
			);
			runOnlyForDeploymentPostprocessing = 0;
			shellPath = /bin/sh;
			shellScript = "\"${PODS_ROOT}/Target Support Files/Pods-tryme/Pods-tryme-frameworks.sh\"\n";
			showEnvVarsInLog = 0;
		};
		F06DFEFE2402ED70DFA78504 /* [CP] Check Pods Manifest.lock */ = {
			isa = PBXShellScriptBuildPhase;
			buildActionMask = 2147483647;
			files = (
			);
			inputFileListPaths = (
			);
			inputPaths = (
				"${PODS_PODFILE_DIR_PATH}/Podfile.lock",
				"${PODS_ROOT}/Manifest.lock",
			);
			name = "[CP] Check Pods Manifest.lock";
			outputFileListPaths = (
			);
			outputPaths = (
				"$(DERIVED_FILE_DIR)/Pods-tryme-checkManifestLockResult.txt",
			);
			runOnlyForDeploymentPostprocessing = 0;
			shellPath = /bin/sh;
			shellScript = "diff \"${PODS_PODFILE_DIR_PATH}/Podfile.lock\" \"${PODS_ROOT}/Manifest.lock\" > /dev/null\nif [ $? != 0 ] ; then\n    # print error to STDERR\n    echo \"error: The sandbox is not in sync with the Podfile.lock. Run 'pod install' or update your CocoaPods installation.\" >&2\n    exit 1\nfi\n# This output is used by Xcode 'outputs' to avoid re-running this script phase.\necho \"SUCCESS\" > \"${SCRIPT_OUTPUT_FILE_0}\"\n";
			showEnvVarsInLog = 0;
		};
/* End PBXShellScriptBuildPhase section */

/* Begin PBXSourcesBuildPhase section */
		1FF3343424638B91001A13CC /* Sources */ = {
			isa = PBXSourcesBuildPhase;
			buildActionMask = 2147483647;
			files = (
				1FF3344024638B91001A13CC /* ViewController.swift in Sources */,
				1FF3343C24638B91001A13CC /* AppDelegate.swift in Sources */,
				1FF3343E24638B91001A13CC /* SceneDelegate.swift in Sources */,
			);
			runOnlyForDeploymentPostprocessing = 0;
		};
		1FF3344A24638B92001A13CC /* Sources */ = {
			isa = PBXSourcesBuildPhase;
			buildActionMask = 2147483647;
			files = (
				1FF3345324638B92001A13CC /* trymeTests.swift in Sources */,
			);
			runOnlyForDeploymentPostprocessing = 0;
		};
		1FF3345524638B92001A13CC /* Sources */ = {
			isa = PBXSourcesBuildPhase;
			buildActionMask = 2147483647;
			files = (
				1FF3345E24638B92001A13CC /* trymeUITests.swift in Sources */,
			);
			runOnlyForDeploymentPostprocessing = 0;
		};
/* End PBXSourcesBuildPhase section */

/* Begin PBXTargetDependency section */
		1FF3345024638B92001A13CC /* PBXTargetDependency */ = {
			isa = PBXTargetDependency;
			target = 1FF3343724638B91001A13CC /* tryme */;
			targetProxy = 1FF3344F24638B92001A13CC /* PBXContainerItemProxy */;
		};
		1FF3345B24638B92001A13CC /* PBXTargetDependency */ = {
			isa = PBXTargetDependency;
			target = 1FF3343724638B91001A13CC /* tryme */;
			targetProxy = 1FF3345A24638B92001A13CC /* PBXContainerItemProxy */;
		};
/* End PBXTargetDependency section */

/* Begin PBXVariantGroup section */
		1FF3344124638B91001A13CC /* Main.storyboard */ = {
			isa = PBXVariantGroup;
			children = (
				1FF3344224638B91001A13CC /* Base */,
			);
			name = Main.storyboard;
			sourceTree = "<group>";
		};
		1FF3344624638B92001A13CC /* LaunchScreen.storyboard */ = {
			isa = PBXVariantGroup;
			children = (
				1FF3344724638B92001A13CC /* Base */,
			);
			name = LaunchScreen.storyboard;
			sourceTree = "<group>";
		};
/* End PBXVariantGroup section */

/* Begin XCBuildConfiguration section */
		1FF3346024638B92001A13CC /* Debug */ = {
			isa = XCBuildConfiguration;
			buildSettings = {
				ALWAYS_SEARCH_USER_PATHS = NO;
				CLANG_ANALYZER_NONNULL = YES;
				CLANG_ANALYZER_NUMBER_OBJECT_CONVERSION = YES_AGGRESSIVE;
				CLANG_CXX_LANGUAGE_STANDARD = "gnu++14";
				CLANG_CXX_LIBRARY = "libc++";
				CLANG_ENABLE_MODULES = YES;
				CLANG_ENABLE_OBJC_ARC = YES;
				CLANG_ENABLE_OBJC_WEAK = YES;
				CLANG_WARN_BLOCK_CAPTURE_AUTORELEASING = YES;
				CLANG_WARN_BOOL_CONVERSION = YES;
				CLANG_WARN_COMMA = YES;
				CLANG_WARN_CONSTANT_CONVERSION = YES;
				CLANG_WARN_DEPRECATED_OBJC_IMPLEMENTATIONS = YES;
				CLANG_WARN_DIRECT_OBJC_ISA_USAGE = YES_ERROR;
				CLANG_WARN_DOCUMENTATION_COMMENTS = YES;
				CLANG_WARN_EMPTY_BODY = YES;
				CLANG_WARN_ENUM_CONVERSION = YES;
				CLANG_WARN_INFINITE_RECURSION = YES;
				CLANG_WARN_INT_CONVERSION = YES;
				CLANG_WARN_NON_LITERAL_NULL_CONVERSION = YES;
				CLANG_WARN_OBJC_IMPLICIT_RETAIN_SELF = YES;
				CLANG_WARN_OBJC_LITERAL_CONVERSION = YES;
				CLANG_WARN_OBJC_ROOT_CLASS = YES_ERROR;
				CLANG_WARN_RANGE_LOOP_ANALYSIS = YES;
				CLANG_WARN_STRICT_PROTOTYPES = YES;
				CLANG_WARN_SUSPICIOUS_MOVE = YES;
				CLANG_WARN_UNGUARDED_AVAILABILITY = YES_AGGRESSIVE;
				CLANG_WARN_UNREACHABLE_CODE = YES;
				CLANG_WARN__DUPLICATE_METHOD_MATCH = YES;
				COPY_PHASE_STRIP = NO;
				DEBUG_INFORMATION_FORMAT = dwarf;
				ENABLE_STRICT_OBJC_MSGSEND = YES;
				ENABLE_TESTABILITY = YES;
				GCC_C_LANGUAGE_STANDARD = gnu11;
				GCC_DYNAMIC_NO_PIC = NO;
				GCC_NO_COMMON_BLOCKS = YES;
				GCC_OPTIMIZATION_LEVEL = 0;
				GCC_PREPROCESSOR_DEFINITIONS = (
					"DEBUG=1",
					"$(inherited)",
				);
				GCC_WARN_64_TO_32_BIT_CONVERSION = YES;
				GCC_WARN_ABOUT_RETURN_TYPE = YES_ERROR;
				GCC_WARN_UNDECLARED_SELECTOR = YES;
				GCC_WARN_UNINITIALIZED_AUTOS = YES_AGGRESSIVE;
				GCC_WARN_UNUSED_FUNCTION = YES;
				GCC_WARN_UNUSED_VARIABLE = YES;
				IPHONEOS_DEPLOYMENT_TARGET = 13.2;
				MTL_ENABLE_DEBUG_INFO = INCLUDE_SOURCE;
				MTL_FAST_MATH = YES;
				ONLY_ACTIVE_ARCH = YES;
				SDKROOT = iphoneos;
				SWIFT_ACTIVE_COMPILATION_CONDITIONS = DEBUG;
				SWIFT_OPTIMIZATION_LEVEL = "-Onone";
			};
			name = Debug;
		};
		1FF3346124638B92001A13CC /* Release */ = {
			isa = XCBuildConfiguration;
			buildSettings = {
				ALWAYS_SEARCH_USER_PATHS = NO;
				CLANG_ANALYZER_NONNULL = YES;
				CLANG_ANALYZER_NUMBER_OBJECT_CONVERSION = YES_AGGRESSIVE;
				CLANG_CXX_LANGUAGE_STANDARD = "gnu++14";
				CLANG_CXX_LIBRARY = "libc++";
				CLANG_ENABLE_MODULES = YES;
				CLANG_ENABLE_OBJC_ARC = YES;
				CLANG_ENABLE_OBJC_WEAK = YES;
				CLANG_WARN_BLOCK_CAPTURE_AUTORELEASING = YES;
				CLANG_WARN_BOOL_CONVERSION = YES;
				CLANG_WARN_COMMA = YES;
				CLANG_WARN_CONSTANT_CONVERSION = YES;
				CLANG_WARN_DEPRECATED_OBJC_IMPLEMENTATIONS = YES;
				CLANG_WARN_DIRECT_OBJC_ISA_USAGE = YES_ERROR;
				CLANG_WARN_DOCUMENTATION_COMMENTS = YES;
				CLANG_WARN_EMPTY_BODY = YES;
				CLANG_WARN_ENUM_CONVERSION = YES;
				CLANG_WARN_INFINITE_RECURSION = YES;
				CLANG_WARN_INT_CONVERSION = YES;
				CLANG_WARN_NON_LITERAL_NULL_CONVERSION = YES;
				CLANG_WARN_OBJC_IMPLICIT_RETAIN_SELF = YES;
				CLANG_WARN_OBJC_LITERAL_CONVERSION = YES;
				CLANG_WARN_OBJC_ROOT_CLASS = YES_ERROR;
				CLANG_WARN_RANGE_LOOP_ANALYSIS = YES;
				CLANG_WARN_STRICT_PROTOTYPES = YES;
				CLANG_WARN_SUSPICIOUS_MOVE = YES;
				CLANG_WARN_UNGUARDED_AVAILABILITY = YES_AGGRESSIVE;
				CLANG_WARN_UNREACHABLE_CODE = YES;
				CLANG_WARN__DUPLICATE_METHOD_MATCH = YES;
				COPY_PHASE_STRIP = NO;
				DEBUG_INFORMATION_FORMAT = "dwarf-with-dsym";
				ENABLE_NS_ASSERTIONS = NO;
				ENABLE_STRICT_OBJC_MSGSEND = YES;
				GCC_C_LANGUAGE_STANDARD = gnu11;
				GCC_NO_COMMON_BLOCKS = YES;
				GCC_WARN_64_TO_32_BIT_CONVERSION = YES;
				GCC_WARN_ABOUT_RETURN_TYPE = YES_ERROR;
				GCC_WARN_UNDECLARED_SELECTOR = YES;
				GCC_WARN_UNINITIALIZED_AUTOS = YES_AGGRESSIVE;
				GCC_WARN_UNUSED_FUNCTION = YES;
				GCC_WARN_UNUSED_VARIABLE = YES;
				IPHONEOS_DEPLOYMENT_TARGET = 13.2;
				MTL_ENABLE_DEBUG_INFO = NO;
				MTL_FAST_MATH = YES;
				SDKROOT = iphoneos;
				SWIFT_COMPILATION_MODE = wholemodule;
				SWIFT_OPTIMIZATION_LEVEL = "-O";
				VALIDATE_PRODUCT = YES;
			};
			name = Release;
		};
		1FF3346324638B92001A13CC /* Debug */ = {
			isa = XCBuildConfiguration;
			baseConfigurationReference = 420B5292FB3F5F5C0D5DD895 /* Pods-tryme.debug.xcconfig */;
			buildSettings = {
				ASSETCATALOG_COMPILER_APPICON_NAME = AppIcon;
				CODE_SIGN_STYLE = Automatic;
				INFOPLIST_FILE = tryme/Info.plist;
				LD_RUNPATH_SEARCH_PATHS = (
					"$(inherited)",
					"@executable_path/Frameworks",
				);
				PRODUCT_BUNDLE_IDENTIFIER = c.tryme;
				PRODUCT_NAME = "$(TARGET_NAME)";
				SWIFT_VERSION = 5.0;
				TARGETED_DEVICE_FAMILY = "1,2";
			};
			name = Debug;
		};
		1FF3346424638B92001A13CC /* Release */ = {
			isa = XCBuildConfiguration;
			baseConfigurationReference = 008D35752DDC064EE93B48A6 /* Pods-tryme.release.xcconfig */;
			buildSettings = {
				ASSETCATALOG_COMPILER_APPICON_NAME = AppIcon;
				CODE_SIGN_STYLE = Automatic;
				INFOPLIST_FILE = tryme/Info.plist;
				LD_RUNPATH_SEARCH_PATHS = (
					"$(inherited)",
					"@executable_path/Frameworks",
				);
				PRODUCT_BUNDLE_IDENTIFIER = c.tryme;
				PRODUCT_NAME = "$(TARGET_NAME)";
				SWIFT_VERSION = 5.0;
				TARGETED_DEVICE_FAMILY = "1,2";
			};
			name = Release;
		};
		1FF3346624638B92001A13CC /* Debug */ = {
			isa = XCBuildConfiguration;
			buildSettings = {
				ALWAYS_EMBED_SWIFT_STANDARD_LIBRARIES = YES;
				BUNDLE_LOADER = "$(TEST_HOST)";
				CODE_SIGN_STYLE = Automatic;
				INFOPLIST_FILE = trymeTests/Info.plist;
				IPHONEOS_DEPLOYMENT_TARGET = 13.2;
				LD_RUNPATH_SEARCH_PATHS = (
					"$(inherited)",
					"@executable_path/Frameworks",
					"@loader_path/Frameworks",
				);
				PRODUCT_BUNDLE_IDENTIFIER = c.trymeTests;
				PRODUCT_NAME = "$(TARGET_NAME)";
				SWIFT_VERSION = 5.0;
				TARGETED_DEVICE_FAMILY = "1,2";
				TEST_HOST = "$(BUILT_PRODUCTS_DIR)/tryme.app/tryme";
			};
			name = Debug;
		};
		1FF3346724638B92001A13CC /* Release */ = {
			isa = XCBuildConfiguration;
			buildSettings = {
				ALWAYS_EMBED_SWIFT_STANDARD_LIBRARIES = YES;
				BUNDLE_LOADER = "$(TEST_HOST)";
				CODE_SIGN_STYLE = Automatic;
				INFOPLIST_FILE = trymeTests/Info.plist;
				IPHONEOS_DEPLOYMENT_TARGET = 13.2;
				LD_RUNPATH_SEARCH_PATHS = (
					"$(inherited)",
					"@executable_path/Frameworks",
					"@loader_path/Frameworks",
				);
				PRODUCT_BUNDLE_IDENTIFIER = c.trymeTests;
				PRODUCT_NAME = "$(TARGET_NAME)";
				SWIFT_VERSION = 5.0;
				TARGETED_DEVICE_FAMILY = "1,2";
				TEST_HOST = "$(BUILT_PRODUCTS_DIR)/tryme.app/tryme";
			};
			name = Release;
		};
		1FF3346924638B92001A13CC /* Debug */ = {
			isa = XCBuildConfiguration;
			buildSettings = {
				ALWAYS_EMBED_SWIFT_STANDARD_LIBRARIES = YES;
				CODE_SIGN_STYLE = Automatic;
				INFOPLIST_FILE = trymeUITests/Info.plist;
				LD_RUNPATH_SEARCH_PATHS = (
					"$(inherited)",
					"@executable_path/Frameworks",
					"@loader_path/Frameworks",
				);
				PRODUCT_BUNDLE_IDENTIFIER = c.trymeUITests;
				PRODUCT_NAME = "$(TARGET_NAME)";
				SWIFT_VERSION = 5.0;
				TARGETED_DEVICE_FAMILY = "1,2";
				TEST_TARGET_NAME = tryme;
			};
			name = Debug;
		};
		1FF3346A24638B92001A13CC /* Release */ = {
			isa = XCBuildConfiguration;
			buildSettings = {
				ALWAYS_EMBED_SWIFT_STANDARD_LIBRARIES = YES;
				CODE_SIGN_STYLE = Automatic;
				INFOPLIST_FILE = trymeUITests/Info.plist;
				LD_RUNPATH_SEARCH_PATHS = (
					"$(inherited)",
					"@executable_path/Frameworks",
					"@loader_path/Frameworks",
				);
				PRODUCT_BUNDLE_IDENTIFIER = c.trymeUITests;
				PRODUCT_NAME = "$(TARGET_NAME)";
				SWIFT_VERSION = 5.0;
				TARGETED_DEVICE_FAMILY = "1,2";
				TEST_TARGET_NAME = tryme;
			};
			name = Release;
		};
/* End XCBuildConfiguration section */

/* Begin XCConfigurationList section */
		1FF3343324638B91001A13CC /* Build configuration list for PBXProject "tryme" */ = {
			isa = XCConfigurationList;
			buildConfigurations = (
				1FF3346024638B92001A13CC /* Debug */,
				1FF3346124638B92001A13CC /* Release */,
			);
			defaultConfigurationIsVisible = 0;
			defaultConfigurationName = Release;
		};
		1FF3346224638B92001A13CC /* Build configuration list for PBXNativeTarget "tryme" */ = {
			isa = XCConfigurationList;
			buildConfigurations = (
				1FF3346324638B92001A13CC /* Debug */,
				1FF3346424638B92001A13CC /* Release */,
			);
			defaultConfigurationIsVisible = 0;
			defaultConfigurationName = Release;
		};
		1FF3346524638B92001A13CC /* Build configuration list for PBXNativeTarget "trymeTests" */ = {
			isa = XCConfigurationList;
			buildConfigurations = (
				1FF3346624638B92001A13CC /* Debug */,
				1FF3346724638B92001A13CC /* Release */,
			);
			defaultConfigurationIsVisible = 0;
			defaultConfigurationName = Release;
		};
		1FF3346824638B92001A13CC /* Build configuration list for PBXNativeTarget "trymeUITests" */ = {
			isa = XCConfigurationList;
			buildConfigurations = (
				1FF3346924638B92001A13CC /* Debug */,
				1FF3346A24638B92001A13CC /* Release */,
			);
			defaultConfigurationIsVisible = 0;
			defaultConfigurationName = Release;
		};
/* End XCConfigurationList section */
	};
	rootObject = 1FF3343024638B91001A13CC /* Project object */;
}
